// !$*UTF8*$!
{
	archiveVersion = 1;
	classes = {
	};
	objectVersion = 55;
	objects = {

/* Begin PBXBuildFile section */
		D39D0F8327D78EEF00B0DBDE /* AppDelegate.swift in Sources */ = {isa = PBXBuildFile; fileRef = D39D0F8227D78EEF00B0DBDE /* AppDelegate.swift */; };
		D39D0F8527D78EEF00B0DBDE /* SceneDelegate.swift in Sources */ = {isa = PBXBuildFile; fileRef = D39D0F8427D78EEF00B0DBDE /* SceneDelegate.swift */; };
		D39D0F8A27D78EEF00B0DBDE /* Main.storyboard in Resources */ = {isa = PBXBuildFile; fileRef = D39D0F8827D78EEF00B0DBDE /* Main.storyboard */; };
		D39D0F8C27D78EF100B0DBDE /* Assets.xcassets in Resources */ = {isa = PBXBuildFile; fileRef = D39D0F8B27D78EF100B0DBDE /* Assets.xcassets */; };
		D39D0F8F27D78EF100B0DBDE /* LaunchScreen.storyboard in Resources */ = {isa = PBXBuildFile; fileRef = D39D0F8D27D78EF100B0DBDE /* LaunchScreen.storyboard */; };
		D39D0F9B27D78F7200B0DBDE /* CardManager.swift in Sources */ = {isa = PBXBuildFile; fileRef = D39D0F9A27D78F7200B0DBDE /* CardManager.swift */; };
		D39D0F9D27D78F7C00B0DBDE /* CardData.swift in Sources */ = {isa = PBXBuildFile; fileRef = D39D0F9C27D78F7C00B0DBDE /* CardData.swift */; };
		D39D0F9F27D78F8E00B0DBDE /* CardViewController.swift in Sources */ = {isa = PBXBuildFile; fileRef = D39D0F9E27D78F8E00B0DBDE /* CardViewController.swift */; };
		D39D0FA327D7907900B0DBDE /* CardModel.swift in Sources */ = {isa = PBXBuildFile; fileRef = D39D0FA227D7907900B0DBDE /* CardModel.swift */; };
/* End PBXBuildFile section */

/* Begin PBXFileReference section */
		D39D0F7F27D78EEF00B0DBDE /* DeckOfCard.app */ = {isa = PBXFileReference; explicitFileType = wrapper.application; includeInIndex = 0; path = DeckOfCard.app; sourceTree = BUILT_PRODUCTS_DIR; };
		D39D0F8227D78EEF00B0DBDE /* AppDelegate.swift */ = {isa = PBXFileReference; lastKnownFileType = sourcecode.swift; path = AppDelegate.swift; sourceTree = "<group>"; };
		D39D0F8427D78EEF00B0DBDE /* SceneDelegate.swift */ = {isa = PBXFileReference; lastKnownFileType = sourcecode.swift; path = SceneDelegate.swift; sourceTree = "<group>"; };
		D39D0F8927D78EEF00B0DBDE /* Base */ = {isa = PBXFileReference; lastKnownFileType = file.storyboard; name = Base; path = Base.lproj/Main.storyboard; sourceTree = "<group>"; };
		D39D0F8B27D78EF100B0DBDE /* Assets.xcassets */ = {isa = PBXFileReference; lastKnownFileType = folder.assetcatalog; path = Assets.xcassets; sourceTree = "<group>"; };
		D39D0F8E27D78EF100B0DBDE /* Base */ = {isa = PBXFileReference; lastKnownFileType = file.storyboard; name = Base; path = Base.lproj/LaunchScreen.storyboard; sourceTree = "<group>"; };
		D39D0F9027D78EF100B0DBDE /* Info.plist */ = {isa = PBXFileReference; lastKnownFileType = text.plist.xml; path = Info.plist; sourceTree = "<group>"; };
		D39D0F9A27D78F7200B0DBDE /* CardManager.swift */ = {isa = PBXFileReference; lastKnownFileType = sourcecode.swift; path = CardManager.swift; sourceTree = "<group>"; };
		D39D0F9C27D78F7C00B0DBDE /* CardData.swift */ = {isa = PBXFileReference; lastKnownFileType = sourcecode.swift; path = CardData.swift; sourceTree = "<group>"; };
		D39D0F9E27D78F8E00B0DBDE /* CardViewController.swift */ = {isa = PBXFileReference; lastKnownFileType = sourcecode.swift; path = CardViewController.swift; sourceTree = "<group>"; };
		D39D0FA227D7907900B0DBDE /* CardModel.swift */ = {isa = PBXFileReference; lastKnownFileType = sourcecode.swift; path = CardModel.swift; sourceTree = "<group>"; };
/* End PBXFileReference section */

/* Begin PBXFrameworksBuildPhase section */
		D39D0F7C27D78EEF00B0DBDE /* Frameworks */ = {
			isa = PBXFrameworksBuildPhase;
			buildActionMask = 2147483647;
			files = (
			);
			runOnlyForDeploymentPostprocessing = 0;
		};
/* End PBXFrameworksBuildPhase section */

/* Begin PBXGroup section */
		D39D0F7627D78EEF00B0DBDE = {
			isa = PBXGroup;
			children = (
				D39D0F8127D78EEF00B0DBDE /* DeckOfCard */,
				D39D0F8027D78EEF00B0DBDE /* Products */,
			);
			sourceTree = "<group>";
		};
		D39D0F8027D78EEF00B0DBDE /* Products */ = {
			isa = PBXGroup;
			children = (
				D39D0F7F27D78EEF00B0DBDE /* DeckOfCard.app */,
			);
			name = Products;
			sourceTree = "<group>";
		};
		D39D0F8127D78EEF00B0DBDE /* DeckOfCard */ = {
			isa = PBXGroup;
			children = (
				D39D0F9927D78F3000B0DBDE /* Model */,
				D39D0F9827D78F2800B0DBDE /* View */,
				D39D0F9727D78F1800B0DBDE /* Controller */,
				D39D0F9627D78F0300B0DBDE /* Resources */,
			);
			path = DeckOfCard;
			sourceTree = "<group>";
		};
		D39D0F9627D78F0300B0DBDE /* Resources */ = {
			isa = PBXGroup;
			children = (
				D39D0F8227D78EEF00B0DBDE /* AppDelegate.swift */,
				D39D0F8427D78EEF00B0DBDE /* SceneDelegate.swift */,
				D39D0F8B27D78EF100B0DBDE /* Assets.xcassets */,
				D39D0F9027D78EF100B0DBDE /* Info.plist */,
			);
			path = Resources;
			sourceTree = "<group>";
		};
		D39D0F9727D78F1800B0DBDE /* Controller */ = {
			isa = PBXGroup;
			children = (
				D39D0F9E27D78F8E00B0DBDE /* CardViewController.swift */,
			);
			path = Controller;
			sourceTree = "<group>";
		};
		D39D0F9827D78F2800B0DBDE /* View */ = {
			isa = PBXGroup;
			children = (
				D39D0F8827D78EEF00B0DBDE /* Main.storyboard */,
				D39D0F8D27D78EF100B0DBDE /* LaunchScreen.storyboard */,
			);
			path = View;
			sourceTree = "<group>";
		};
		D39D0F9927D78F3000B0DBDE /* Model */ = {
			isa = PBXGroup;
			children = (
				D39D0F9A27D78F7200B0DBDE /* CardManager.swift */,
				D39D0F9C27D78F7C00B0DBDE /* CardData.swift */,
				D39D0FA227D7907900B0DBDE /* CardModel.swift */,
			);
			path = Model;
			sourceTree = "<group>";
		};
/* End PBXGroup section */

/* Begin PBXNativeTarget section */
		D39D0F7E27D78EEF00B0DBDE /* DeckOfCard */ = {
			isa = PBXNativeTarget;
			buildConfigurationList = D39D0F9327D78EF100B0DBDE /* Build configuration list for PBXNativeTarget "DeckOfCard" */;
			buildPhases = (
				D39D0F7B27D78EEF00B0DBDE /* Sources */,
				D39D0F7C27D78EEF00B0DBDE /* Frameworks */,
				D39D0F7D27D78EEF00B0DBDE /* Resources */,
			);
			buildRules = (
			);
			dependencies = (
			);
			name = DeckOfCard;
			productName = DeckOfCard;
			productReference = D39D0F7F27D78EEF00B0DBDE /* DeckOfCard.app */;
			productType = "com.apple.product-type.application";
		};
/* End PBXNativeTarget section */

/* Begin PBXProject section */
		D39D0F7727D78EEF00B0DBDE /* Project object */ = {
			isa = PBXProject;
			attributes = {
				BuildIndependentTargetsInParallel = 1;
				LastSwiftUpdateCheck = 1320;
				LastUpgradeCheck = 1320;
				TargetAttributes = {
					D39D0F7E27D78EEF00B0DBDE = {
						CreatedOnToolsVersion = 13.2.1;
					};
				};
			};
			buildConfigurationList = D39D0F7A27D78EEF00B0DBDE /* Build configuration list for PBXProject "DeckOfCard" */;
			compatibilityVersion = "Xcode 13.0";
			developmentRegion = en;
			hasScannedForEncodings = 0;
			knownRegions = (
				en,
				Base,
			);
			mainGroup = D39D0F7627D78EEF00B0DBDE;
			productRefGroup = D39D0F8027D78EEF00B0DBDE /* Products */;
			projectDirPath = "";
			projectRoot = "";
			targets = (
				D39D0F7E27D78EEF00B0DBDE /* DeckOfCard */,
			);
		};
/* End PBXProject section */

/* Begin PBXResourcesBuildPhase section */
		D39D0F7D27D78EEF00B0DBDE /* Resources */ = {
			isa = PBXResourcesBuildPhase;
			buildActionMask = 2147483647;
			files = (
				D39D0F8F27D78EF100B0DBDE /* LaunchScreen.storyboard in Resources */,
				D39D0F8C27D78EF100B0DBDE /* Assets.xcassets in Resources */,
				D39D0F8A27D78EEF00B0DBDE /* Main.storyboard in Resources */,
			);
			runOnlyForDeploymentPostprocessing = 0;
		};
/* End PBXResourcesBuildPhase section */

/* Begin PBXSourcesBuildPhase section */
		D39D0F7B27D78EEF00B0DBDE /* Sources */ = {
			isa = PBXSourcesBuildPhase;
			buildActionMask = 2147483647;
			files = (
				D39D0F9D27D78F7C00B0DBDE /* CardData.swift in Sources */,
				D39D0F9B27D78F7200B0DBDE /* CardManager.swift in Sources */,
				D39D0F8327D78EEF00B0DBDE /* AppDelegate.swift in Sources */,
				D39D0F9F27D78F8E00B0DBDE /* CardViewController.swift in Sources */,
				D39D0F8527D78EEF00B0DBDE /* SceneDelegate.swift in Sources */,
				D39D0FA327D7907900B0DBDE /* CardModel.swift in Sources */,
			);
			runOnlyForDeploymentPostprocessing = 0;
		};
/* End PBXSourcesBuildPhase section */

/* Begin PBXVariantGroup section */
		D39D0F8827D78EEF00B0DBDE /* Main.storyboard */ = {
			isa = PBXVariantGroup;
			children = (
				D39D0F8927D78EEF00B0DBDE /* Base */,
			);
			name = Main.storyboard;
			sourceTree = "<group>";
		};
		D39D0F8D27D78EF100B0DBDE /* LaunchScreen.storyboard */ = {
			isa = PBXVariantGroup;
			children = (
				D39D0F8E27D78EF100B0DBDE /* Base */,
			);
			name = LaunchScreen.storyboard;
			sourceTree = "<group>";
		};
/* End PBXVariantGroup section */

/* Begin XCBuildConfiguration section */
		D39D0F9127D78EF100B0DBDE /* Debug */ = {
			isa = XCBuildConfiguration;
			buildSettings = {
				ALWAYS_SEARCH_USER_PATHS = NO;
				CLANG_ANALYZER_NONNULL = YES;
				CLANG_ANALYZER_NUMBER_OBJECT_CONVERSION = YES_AGGRESSIVE;
				CLANG_CXX_LANGUAGE_STANDARD = "gnu++17";
				CLANG_CXX_LIBRARY = "libc++";
				CLANG_ENABLE_MODULES = YES;
				CLANG_ENABLE_OBJC_ARC = YES;
				CLANG_ENABLE_OBJC_WEAK = YES;
				CLANG_WARN_BLOCK_CAPTURE_AUTORELEASING = YES;
				CLANG_WARN_BOOL_CONVERSION = YES;
				CLANG_WARN_COMMA = YES;
				CLANG_WARN_CONSTANT_CONVERSION = YES;
				CLANG_WARN_DEPRECATED_OBJC_IMPLEMENTATIONS = YES;
				CLANG_WARN_DIRECT_OBJC_ISA_USAGE = YES_ERROR;
				CLANG_WARN_DOCUMENTATION_COMMENTS = YES;
				CLANG_WARN_EMPTY_BODY = YES;
				CLANG_WARN_ENUM_CONVERSION = YES;
				CLANG_WARN_INFINITE_RECURSION = YES;
				CLANG_WARN_INT_CONVERSION = YES;
				CLANG_WARN_NON_LITERAL_NULL_CONVERSION = YES;
				CLANG_WARN_OBJC_IMPLICIT_RETAIN_SELF = YES;
				CLANG_WARN_OBJC_LITERAL_CONVERSION = YES;
				CLANG_WARN_OBJC_ROOT_CLASS = YES_ERROR;
				CLANG_WARN_QUOTED_INCLUDE_IN_FRAMEWORK_HEADER = YES;
				CLANG_WARN_RANGE_LOOP_ANALYSIS = YES;
				CLANG_WARN_STRICT_PROTOTYPES = YES;
				CLANG_WARN_SUSPICIOUS_MOVE = YES;
				CLANG_WARN_UNGUARDED_AVAILABILITY = YES_AGGRESSIVE;
				CLANG_WARN_UNREACHABLE_CODE = YES;
				CLANG_WARN__DUPLICATE_METHOD_MATCH = YES;
				COPY_PHASE_STRIP = NO;
				DEBUG_INFORMATION_FORMAT = dwarf;
				ENABLE_STRICT_OBJC_MSGSEND = YES;
				ENABLE_TESTABILITY = YES;
				GCC_C_LANGUAGE_STANDARD = gnu11;
				GCC_DYNAMIC_NO_PIC = NO;
				GCC_NO_COMMON_BLOCKS = YES;
				GCC_OPTIMIZATION_LEVEL = 0;
				GCC_PREPROCESSOR_DEFINITIONS = (
					"DEBUG=1",
					"$(inherited)",
				);
				GCC_WARN_64_TO_32_BIT_CONVERSION = YES;
				GCC_WARN_ABOUT_RETURN_TYPE = YES_ERROR;
				GCC_WARN_UNDECLARED_SELECTOR = YES;
				GCC_WARN_UNINITIALIZED_AUTOS = YES_AGGRESSIVE;
				GCC_WARN_UNUSED_FUNCTION = YES;
				GCC_WARN_UNUSED_VARIABLE = YES;
				IPHONEOS_DEPLOYMENT_TARGET = 15.2;
				MTL_ENABLE_DEBUG_INFO = INCLUDE_SOURCE;
				MTL_FAST_MATH = YES;
				ONLY_ACTIVE_ARCH = YES;
				SDKROOT = iphoneos;
				SWIFT_ACTIVE_COMPILATION_CONDITIONS = DEBUG;
				SWIFT_OPTIMIZATION_LEVEL = "-Onone";
			};
			name = Debug;
		};
		D39D0F9227D78EF100B0DBDE /* Release */ = {
			isa = XCBuildConfiguration;
			buildSettings = {
				ALWAYS_SEARCH_USER_PATHS = NO;
				CLANG_ANALYZER_NONNULL = YES;
				CLANG_ANALYZER_NUMBER_OBJECT_CONVERSION = YES_AGGRESSIVE;
				CLANG_CXX_LANGUAGE_STANDARD = "gnu++17";
				CLANG_CXX_LIBRARY = "libc++";
				CLANG_ENABLE_MODULES = YES;
				CLANG_ENABLE_OBJC_ARC = YES;
				CLANG_ENABLE_OBJC_WEAK = YES;
				CLANG_WARN_BLOCK_CAPTURE_AUTORELEASING = YES;
				CLANG_WARN_BOOL_CONVERSION = YES;
				CLANG_WARN_COMMA = YES;
				CLANG_WARN_CONSTANT_CONVERSION = YES;
				CLANG_WARN_DEPRECATED_OBJC_IMPLEMENTATIONS = YES;
				CLANG_WARN_DIRECT_OBJC_ISA_USAGE = YES_ERROR;
				CLANG_WARN_DOCUMENTATION_COMMENTS = YES;
				CLANG_WARN_EMPTY_BODY = YES;
				CLANG_WARN_ENUM_CONVERSION = YES;
				CLANG_WARN_INFINITE_RECURSION = YES;
				CLANG_WARN_INT_CONVERSION = YES;
				CLANG_WARN_NON_LITERAL_NULL_CONVERSION = YES;
				CLANG_WARN_OBJC_IMPLICIT_RETAIN_SELF = YES;
				CLANG_WARN_OBJC_LITERAL_CONVERSION = YES;
				CLANG_WARN_OBJC_ROOT_CLASS = YES_ERROR;
				CLANG_WARN_QUOTED_INCLUDE_IN_FRAMEWORK_HEADER = YES;
				CLANG_WARN_RANGE_LOOP_ANALYSIS = YES;
				CLANG_WARN_STRICT_PROTOTYPES = YES;
				CLANG_WARN_SUSPICIOUS_MOVE = YES;
				CLANG_WARN_UNGUARDED_AVAILABILITY = YES_AGGRESSIVE;
				CLANG_WARN_UNREACHABLE_CODE = YES;
				CLANG_WARN__DUPLICATE_METHOD_MATCH = YES;
				COPY_PHASE_STRIP = NO;
				DEBUG_INFORMATION_FORMAT = "dwarf-with-dsym";
				ENABLE_NS_ASSERTIONS = NO;
				ENABLE_STRICT_OBJC_MSGSEND = YES;
				GCC_C_LANGUAGE_STANDARD = gnu11;
				GCC_NO_COMMON_BLOCKS = YES;
				GCC_WARN_64_TO_32_BIT_CONVERSION = YES;
				GCC_WARN_ABOUT_RETURN_TYPE = YES_ERROR;
				GCC_WARN_UNDECLARED_SELECTOR = YES;
				GCC_WARN_UNINITIALIZED_AUTOS = YES_AGGRESSIVE;
				GCC_WARN_UNUSED_FUNCTION = YES;
				GCC_WARN_UNUSED_VARIABLE = YES;
				IPHONEOS_DEPLOYMENT_TARGET = 15.2;
				MTL_ENABLE_DEBUG_INFO = NO;
				MTL_FAST_MATH = YES;
				SDKROOT = iphoneos;
				SWIFT_COMPILATION_MODE = wholemodule;
				SWIFT_OPTIMIZATION_LEVEL = "-O";
				VALIDATE_PRODUCT = YES;
			};
			name = Release;
		};
		D39D0F9427D78EF100B0DBDE /* Debug */ = {
			isa = XCBuildConfiguration;
			buildSettings = {
				ASSETCATALOG_COMPILER_APPICON_NAME = AppIcon;
				ASSETCATALOG_COMPILER_GLOBAL_ACCENT_COLOR_NAME = AccentColor;
				CODE_SIGN_STYLE = Automatic;
				CURRENT_PROJECT_VERSION = 1;
				DEVELOPMENT_TEAM = J9FG8B64JQ;
				GENERATE_INFOPLIST_FILE = YES;
				INFOPLIST_FILE = DeckOfCard/Resources/Info.plist;
				INFOPLIST_KEY_UIApplicationSupportsIndirectInputEvents = YES;
				INFOPLIST_KEY_UILaunchStoryboardName = LaunchScreen;
				INFOPLIST_KEY_UIMainStoryboardFile = Main;
				INFOPLIST_KEY_UISupportedInterfaceOrientations_iPad = "UIInterfaceOrientationPortrait UIInterfaceOrientationPortraitUpsideDown UIInterfaceOrientationLandscapeLeft UIInterfaceOrientationLandscapeRight";
				INFOPLIST_KEY_UISupportedInterfaceOrientations_iPhone = "UIInterfaceOrientationPortrait UIInterfaceOrientationLandscapeLeft UIInterfaceOrientationLandscapeRight";
				LD_RUNPATH_SEARCH_PATHS = (
					"$(inherited)",
					"@executable_path/Frameworks",
				);
				MARKETING_VERSION = 1.0;
				PRODUCT_BUNDLE_IDENTIFIER = com.ginotasis.DeckOfCard;
				PRODUCT_NAME = "$(TARGET_NAME)";
				SWIFT_EMIT_LOC_STRINGS = YES;
				SWIFT_VERSION = 5.0;
				TARGETED_DEVICE_FAMILY = "1,2";
			};
			name = Debug;
		};
		D39D0F9527D78EF100B0DBDE /* Release */ = {
			isa = XCBuildConfiguration;
			buildSettings = {
				ASSETCATALOG_COMPILER_APPICON_NAME = AppIcon;
				ASSETCATALOG_COMPILER_GLOBAL_ACCENT_COLOR_NAME = AccentColor;
				CODE_SIGN_STYLE = Automatic;
				CURRENT_PROJECT_VERSION = 1;
				DEVELOPMENT_TEAM = J9FG8B64JQ;
				GENERATE_INFOPLIST_FILE = YES;
				INFOPLIST_FILE = DeckOfCard/Resources/Info.plist;
				INFOPLIST_KEY_UIApplicationSupportsIndirectInputEvents = YES;
				INFOPLIST_KEY_UILaunchStoryboardName = LaunchScreen;
				INFOPLIST_KEY_UIMainStoryboardFile = Main;
				INFOPLIST_KEY_UISupportedInterfaceOrientations_iPad = "UIInterfaceOrientationPortrait UIInterfaceOrientationPortraitUpsideDown UIInterfaceOrientationLandscapeLeft UIInterfaceOrientationLandscapeRight";
				INFOPLIST_KEY_UISupportedInterfaceOrientations_iPhone = "UIInterfaceOrientationPortrait UIInterfaceOrientationLandscapeLeft UIInterfaceOrientationLandscapeRight";
				LD_RUNPATH_SEARCH_PATHS = (
					"$(inherited)",
					"@executable_path/Frameworks",
				);
				MARKETING_VERSION = 1.0;
				PRODUCT_BUNDLE_IDENTIFIER = com.ginotasis.DeckOfCard;
				PRODUCT_NAME = "$(TARGET_NAME)";
				SWIFT_EMIT_LOC_STRINGS = YES;
				SWIFT_VERSION = 5.0;
				TARGETED_DEVICE_FAMILY = "1,2";
			};
			name = Release;
		};
/* End XCBuildConfiguration section */

/* Begin XCConfigurationList section */
		D39D0F7A27D78EEF00B0DBDE /* Build configuration list for PBXProject "DeckOfCard" */ = {
			isa = XCConfigurationList;
			buildConfigurations = (
				D39D0F9127D78EF100B0DBDE /* Debug */,
				D39D0F9227D78EF100B0DBDE /* Release */,
			);
			defaultConfigurationIsVisible = 0;
			defaultConfigurationName = Release;
		};
		D39D0F9327D78EF100B0DBDE /* Build configuration list for PBXNativeTarget "DeckOfCard" */ = {
			isa = XCConfigurationList;
			buildConfigurations = (
				D39D0F9427D78EF100B0DBDE /* Debug */,
				D39D0F9527D78EF100B0DBDE /* Release */,
			);
			defaultConfigurationIsVisible = 0;
			defaultConfigurationName = Release;
		};
/* End XCConfigurationList section */
	};
	rootObject = D39D0F7727D78EEF00B0DBDE /* Project object */;
}
